
Microsoft Visual Studio Solution File, Format Version 12.00
# Visual Studio Version 17
VisualStudioVersion = 17.14.36202.13 d17.14
MinimumVisualStudioVersion = 10.0.40219.1
Project("{FAE04EC0-301F-11D3-BF4B-00C04F79EFBC}") = "RescueSystem.Client", "src\RescueSystem.Client\RescueSystem.Client.csproj", "{38BF6CAB-1B94-4582-A1FE-633F5BC0640E}"
EndProject
Global
	GlobalSection(SolutionConfigurationPlatforms) = preSolution
		Debug|Any CPU = Debug|Any CPU
		Release|Any CPU = Release|Any CPU
	EndGlobalSection
	GlobalSection(ProjectConfigurationPlatforms) = postSolution
		{38BF6CAB-1B94-4582-A1FE-633F5BC0640E}.Debug|Any CPU.ActiveCfg = Debug|Any CPU
		{38BF6CAB-1B94-4582-A1FE-633F5BC0640E}.Debug|Any CPU.Build.0 = Debug|Any CPU
		{38BF6CAB-1B94-4582-A1FE-633F5BC0640E}.Release|Any CPU.ActiveCfg = Release|Any CPU
		{38BF6CAB-1B94-4582-A1FE-633F5BC0640E}.Release|Any CPU.Build.0 = Release|Any CPU
	EndGlobalSection
	GlobalSection(SolutionProperties) = preSolution
		HideSolutionNode = FALSE
	EndGlobalSection
	GlobalSection(ExtensibilityGlobals) = postSolution
		SolutionGuid = {98302EE3-8BD8-4536-B31E-54EE0CB4C6F0}
	EndGlobalSection
EndGlobal
